// !$*UTF8*$!
{
	archiveVersion = 1;
	classes = {
	};
	objectVersion = 46;
	objects = {

/* Begin PBXBuildFile section */
		6F03257914799896000DC92F /* XBURLConnectionAuthenticationDelegate.m in Sources */ = {isa = PBXBuildFile; fileRef = 6F03257814799896000DC92F /* XBURLConnectionAuthenticationDelegate.m */; };
		6F03257C14799AC8000DC92F /* Security.framework in Frameworks */ = {isa = PBXBuildFile; fileRef = 6F03257B14799AC8000DC92F /* Security.framework */; };
		6F4B2BF6148BA4D8002E6C70 /* XBDERDecoder.m in Sources */ = {isa = PBXBuildFile; fileRef = 6F4B2BF5148BA4D8002E6C70 /* XBDERDecoder.m */; };
		6F6A09701477021900F3A4F5 /* XBTextViewTableCell.m in Sources */ = {isa = PBXBuildFile; fileRef = 6F6A096F1477021900F3A4F5 /* XBTextViewTableCell.m */; };
		6F8F18F614730FAA00922703 /* UIKit.framework in Frameworks */ = {isa = PBXBuildFile; fileRef = 6F8F18F514730FAA00922703 /* UIKit.framework */; };
		6F8F18F814730FAA00922703 /* Foundation.framework in Frameworks */ = {isa = PBXBuildFile; fileRef = 6F8F18F714730FAA00922703 /* Foundation.framework */; };
		6F8F18FA14730FAA00922703 /* CoreGraphics.framework in Frameworks */ = {isa = PBXBuildFile; fileRef = 6F8F18F914730FAA00922703 /* CoreGraphics.framework */; };
		6F8F190014730FAA00922703 /* InfoPlist.strings in Resources */ = {isa = PBXBuildFile; fileRef = 6F8F18FE14730FAA00922703 /* InfoPlist.strings */; };
		6F8F190214730FAA00922703 /* main.m in Sources */ = {isa = PBXBuildFile; fileRef = 6F8F190114730FAA00922703 /* main.m */; };
		6F8F190614730FAA00922703 /* XBAppDelegate.m in Sources */ = {isa = PBXBuildFile; fileRef = 6F8F190514730FAA00922703 /* XBAppDelegate.m */; };
		6F8F190914730FAA00922703 /* XBMasterViewController.m in Sources */ = {isa = PBXBuildFile; fileRef = 6F8F190814730FAA00922703 /* XBMasterViewController.m */; };
		6F8F190C14730FAA00922703 /* XBDetailViewController.m in Sources */ = {isa = PBXBuildFile; fileRef = 6F8F190B14730FAA00922703 /* XBDetailViewController.m */; };
		6F8F190F14730FAA00922703 /* XBMasterViewController_iPhone.xib in Resources */ = {isa = PBXBuildFile; fileRef = 6F8F190D14730FAA00922703 /* XBMasterViewController_iPhone.xib */; };
		6F8F191214730FAA00922703 /* XBMasterViewController_iPad.xib in Resources */ = {isa = PBXBuildFile; fileRef = 6F8F191014730FAA00922703 /* XBMasterViewController_iPad.xib */; };
		6F8F191514730FAA00922703 /* XBDetailViewController_iPhone.xib in Resources */ = {isa = PBXBuildFile; fileRef = 6F8F191314730FAA00922703 /* XBDetailViewController_iPhone.xib */; };
		6F8F191814730FAA00922703 /* XBDetailViewController_iPad.xib in Resources */ = {isa = PBXBuildFile; fileRef = 6F8F191614730FAA00922703 /* XBDetailViewController_iPad.xib */; };
		6F8F192014738C8800922703 /* XBTwitterSearchDataDelegate.m in Sources */ = {isa = PBXBuildFile; fileRef = 6F8F191F14738C8800922703 /* XBTwitterSearchDataDelegate.m */; };
		6F9779DF14836FFE003138B9 /* required-ca.crt in Resources */ = {isa = PBXBuildFile; fileRef = 6F9779DE14836FFE003138B9 /* required-ca.crt */; };
		6FE4AB651474538F002C0755 /* NSDictionary+Xebia.m in Sources */ = {isa = PBXBuildFile; fileRef = 6FE4AB641474538F002C0755 /* NSDictionary+Xebia.m */; };
/* End PBXBuildFile section */

/* Begin PBXFileReference section */
		6F03257714799896000DC92F /* XBURLConnectionAuthenticationDelegate.h */ = {isa = PBXFileReference; fileEncoding = 4; lastKnownFileType = sourcecode.c.h; path = XBURLConnectionAuthenticationDelegate.h; sourceTree = "<group>"; };
		6F03257814799896000DC92F /* XBURLConnectionAuthenticationDelegate.m */ = {isa = PBXFileReference; fileEncoding = 4; lastKnownFileType = sourcecode.c.objc; path = XBURLConnectionAuthenticationDelegate.m; sourceTree = "<group>"; };
		6F03257B14799AC8000DC92F /* Security.framework */ = {isa = PBXFileReference; lastKnownFileType = wrapper.framework; name = Security.framework; path = System/Library/Frameworks/Security.framework; sourceTree = SDKROOT; };
		6F4B2BF4148BA4D8002E6C70 /* XBDERDecoder.h */ = {isa = PBXFileReference; fileEncoding = 4; lastKnownFileType = sourcecode.c.h; path = XBDERDecoder.h; sourceTree = "<group>"; };
		6F4B2BF5148BA4D8002E6C70 /* XBDERDecoder.m */ = {isa = PBXFileReference; fileEncoding = 4; lastKnownFileType = sourcecode.c.objc; path = XBDERDecoder.m; sourceTree = "<group>"; };
		6F6A096E1477021900F3A4F5 /* XBTextViewTableCell.h */ = {isa = PBXFileReference; fileEncoding = 4; lastKnownFileType = sourcecode.c.h; path = XBTextViewTableCell.h; sourceTree = "<group>"; };
		6F6A096F1477021900F3A4F5 /* XBTextViewTableCell.m */ = {isa = PBXFileReference; fileEncoding = 4; lastKnownFileType = sourcecode.c.objc; path = XBTextViewTableCell.m; sourceTree = "<group>"; };
		6F8F18F114730FAA00922703 /* SSLTweets.app */ = {isa = PBXFileReference; explicitFileType = wrapper.application; includeInIndex = 0; path = SSLTweets.app; sourceTree = BUILT_PRODUCTS_DIR; };
		6F8F18F514730FAA00922703 /* UIKit.framework */ = {isa = PBXFileReference; lastKnownFileType = wrapper.framework; name = UIKit.framework; path = System/Library/Frameworks/UIKit.framework; sourceTree = SDKROOT; };
		6F8F18F714730FAA00922703 /* Foundation.framework */ = {isa = PBXFileReference; lastKnownFileType = wrapper.framework; name = Foundation.framework; path = System/Library/Frameworks/Foundation.framework; sourceTree = SDKROOT; };
		6F8F18F914730FAA00922703 /* CoreGraphics.framework */ = {isa = PBXFileReference; lastKnownFileType = wrapper.framework; name = CoreGraphics.framework; path = System/Library/Frameworks/CoreGraphics.framework; sourceTree = SDKROOT; };
		6F8F18FD14730FAA00922703 /* SSLTweets-Info.plist */ = {isa = PBXFileReference; lastKnownFileType = text.plist.xml; path = "SSLTweets-Info.plist"; sourceTree = "<group>"; };
		6F8F18FF14730FAA00922703 /* en */ = {isa = PBXFileReference; lastKnownFileType = text.plist.strings; name = en; path = en.lproj/InfoPlist.strings; sourceTree = "<group>"; };
		6F8F190114730FAA00922703 /* main.m */ = {isa = PBXFileReference; lastKnownFileType = sourcecode.c.objc; path = main.m; sourceTree = "<group>"; };
		6F8F190314730FAA00922703 /* SSLTweets-Prefix.pch */ = {isa = PBXFileReference; lastKnownFileType = sourcecode.c.h; path = "SSLTweets-Prefix.pch"; sourceTree = "<group>"; };
		6F8F190414730FAA00922703 /* XBAppDelegate.h */ = {isa = PBXFileReference; lastKnownFileType = sourcecode.c.h; path = XBAppDelegate.h; sourceTree = "<group>"; };
		6F8F190514730FAA00922703 /* XBAppDelegate.m */ = {isa = PBXFileReference; lastKnownFileType = sourcecode.c.objc; path = XBAppDelegate.m; sourceTree = "<group>"; };
		6F8F190714730FAA00922703 /* XBMasterViewController.h */ = {isa = PBXFileReference; lastKnownFileType = sourcecode.c.h; path = XBMasterViewController.h; sourceTree = "<group>"; };
		6F8F190814730FAA00922703 /* XBMasterViewController.m */ = {isa = PBXFileReference; lastKnownFileType = sourcecode.c.objc; path = XBMasterViewController.m; sourceTree = "<group>"; };
		6F8F190A14730FAA00922703 /* XBDetailViewController.h */ = {isa = PBXFileReference; lastKnownFileType = sourcecode.c.h; path = XBDetailViewController.h; sourceTree = "<group>"; };
		6F8F190B14730FAA00922703 /* XBDetailViewController.m */ = {isa = PBXFileReference; lastKnownFileType = sourcecode.c.objc; path = XBDetailViewController.m; sourceTree = "<group>"; };
		6F8F190E14730FAA00922703 /* en */ = {isa = PBXFileReference; lastKnownFileType = file.xib; name = en; path = en.lproj/XBMasterViewController_iPhone.xib; sourceTree = "<group>"; };
		6F8F191114730FAA00922703 /* en */ = {isa = PBXFileReference; lastKnownFileType = file.xib; name = en; path = en.lproj/XBMasterViewController_iPad.xib; sourceTree = "<group>"; };
		6F8F191414730FAA00922703 /* en */ = {isa = PBXFileReference; lastKnownFileType = file.xib; name = en; path = en.lproj/XBDetailViewController_iPhone.xib; sourceTree = "<group>"; };
		6F8F191714730FAA00922703 /* en */ = {isa = PBXFileReference; lastKnownFileType = file.xib; name = en; path = en.lproj/XBDetailViewController_iPad.xib; sourceTree = "<group>"; };
		6F8F191E14738C8800922703 /* XBTwitterSearchDataDelegate.h */ = {isa = PBXFileReference; fileEncoding = 4; lastKnownFileType = sourcecode.c.h; path = XBTwitterSearchDataDelegate.h; sourceTree = "<group>"; };
		6F8F191F14738C8800922703 /* XBTwitterSearchDataDelegate.m */ = {isa = PBXFileReference; fileEncoding = 4; lastKnownFileType = sourcecode.c.objc; path = XBTwitterSearchDataDelegate.m; sourceTree = "<group>"; };
		6F9779DE14836FFE003138B9 /* required-ca.crt */ = {isa = PBXFileReference; lastKnownFileType = file; path = "required-ca.crt"; sourceTree = "<group>"; };
		6FE4AB631474538F002C0755 /* NSDictionary+Xebia.h */ = {isa = PBXFileReference; fileEncoding = 4; lastKnownFileType = sourcecode.c.h; path = "NSDictionary+Xebia.h"; sourceTree = "<group>"; };
		6FE4AB641474538F002C0755 /* NSDictionary+Xebia.m */ = {isa = PBXFileReference; fileEncoding = 4; lastKnownFileType = sourcecode.c.objc; path = "NSDictionary+Xebia.m"; sourceTree = "<group>"; };
/* End PBXFileReference section */

/* Begin PBXFrameworksBuildPhase section */
		6F8F18EE14730FAA00922703 /* Frameworks */ = {
			isa = PBXFrameworksBuildPhase;
			buildActionMask = 2147483647;
			files = (
				6F03257C14799AC8000DC92F /* Security.framework in Frameworks */,
				6F8F18F614730FAA00922703 /* UIKit.framework in Frameworks */,
				6F8F18F814730FAA00922703 /* Foundation.framework in Frameworks */,
				6F8F18FA14730FAA00922703 /* CoreGraphics.framework in Frameworks */,
			);
			runOnlyForDeploymentPostprocessing = 0;
		};
/* End PBXFrameworksBuildPhase section */

/* Begin PBXGroup section */
		6F4B2BF3148BA456002E6C70 /* DER */ = {
			isa = PBXGroup;
			children = (
				6F4B2BF4148BA4D8002E6C70 /* XBDERDecoder.h */,
				6F4B2BF5148BA4D8002E6C70 /* XBDERDecoder.m */,
			);
			path = DER;
			sourceTree = "<group>";
		};
		6F8F18E614730FAA00922703 = {
			isa = PBXGroup;
			children = (
				6F8F18FB14730FAA00922703 /* SSLTweets */,
				6F8F18F414730FAA00922703 /* Frameworks */,
				6F8F18F214730FAA00922703 /* Products */,
			);
			sourceTree = "<group>";
		};
		6F8F18F214730FAA00922703 /* Products */ = {
			isa = PBXGroup;
			children = (
				6F8F18F114730FAA00922703 /* SSLTweets.app */,
			);
			name = Products;
			sourceTree = "<group>";
		};
		6F8F18F414730FAA00922703 /* Frameworks */ = {
			isa = PBXGroup;
			children = (
				6F8F18F514730FAA00922703 /* UIKit.framework */,
				6F8F18F714730FAA00922703 /* Foundation.framework */,
				6F8F18F914730FAA00922703 /* CoreGraphics.framework */,
				6F03257B14799AC8000DC92F /* Security.framework */,
			);
			name = Frameworks;
			sourceTree = "<group>";
		};
		6F8F18FB14730FAA00922703 /* SSLTweets */ = {
			isa = PBXGroup;
			children = (
				6F4B2BF3148BA456002E6C70 /* DER */,
				6F9779CE147ED540003138B9 /* Categories */,
				6F8F190414730FAA00922703 /* XBAppDelegate.h */,
				6F8F190514730FAA00922703 /* XBAppDelegate.m */,
				6F8F190A14730FAA00922703 /* XBDetailViewController.h */,
				6F8F190B14730FAA00922703 /* XBDetailViewController.m */,
				6F8F191314730FAA00922703 /* XBDetailViewController_iPhone.xib */,
				6F8F191614730FAA00922703 /* XBDetailViewController_iPad.xib */,
				6F8F190714730FAA00922703 /* XBMasterViewController.h */,
				6F8F190814730FAA00922703 /* XBMasterViewController.m */,
				6F8F190D14730FAA00922703 /* XBMasterViewController_iPhone.xib */,
				6F8F191014730FAA00922703 /* XBMasterViewController_iPad.xib */,
				6F6A096E1477021900F3A4F5 /* XBTextViewTableCell.h */,
				6F6A096F1477021900F3A4F5 /* XBTextViewTableCell.m */,
				6F8F191E14738C8800922703 /* XBTwitterSearchDataDelegate.h */,
				6F8F191F14738C8800922703 /* XBTwitterSearchDataDelegate.m */,
				6F03257714799896000DC92F /* XBURLConnectionAuthenticationDelegate.h */,
				6F03257814799896000DC92F /* XBURLConnectionAuthenticationDelegate.m */,
				6F8F18FC14730FAA00922703 /* Supporting Files */,
				6F9779DC14836FDF003138B9 /* Resources */,
			);
			path = SSLTweets;
			sourceTree = "<group>";
		};
		6F8F18FC14730FAA00922703 /* Supporting Files */ = {
			isa = PBXGroup;
			children = (
				6F8F18FD14730FAA00922703 /* SSLTweets-Info.plist */,
				6F8F18FE14730FAA00922703 /* InfoPlist.strings */,
				6F8F190114730FAA00922703 /* main.m */,
				6F8F190314730FAA00922703 /* SSLTweets-Prefix.pch */,
			);
			name = "Supporting Files";
			sourceTree = "<group>";
		};
		6F9779CE147ED540003138B9 /* Categories */ = {
			isa = PBXGroup;
			children = (
				6FE4AB631474538F002C0755 /* NSDictionary+Xebia.h */,
				6FE4AB641474538F002C0755 /* NSDictionary+Xebia.m */,
			);
			path = Categories;
			sourceTree = "<group>";
		};
		6F9779DC14836FDF003138B9 /* Resources */ = {
			isa = PBXGroup;
			children = (
				6F9779DE14836FFE003138B9 /* required-ca.crt */,
			);
			path = Resources;
			sourceTree = "<group>";
		};
/* End PBXGroup section */

/* Begin PBXNativeTarget section */
		6F8F18F014730FAA00922703 /* SSLTweets */ = {
			isa = PBXNativeTarget;
			buildConfigurationList = 6F8F191B14730FAA00922703 /* Build configuration list for PBXNativeTarget "SSLTweets" */;
			buildPhases = (
				6F8F18ED14730FAA00922703 /* Sources */,
				6F8F18EE14730FAA00922703 /* Frameworks */,
				6F8F18EF14730FAA00922703 /* Resources */,
			);
			buildRules = (
			);
			dependencies = (
			);
			name = SSLTweets;
			productName = SSLTweets;
			productReference = 6F8F18F114730FAA00922703 /* SSLTweets.app */;
			productType = "com.apple.product-type.application";
		};
/* End PBXNativeTarget section */

/* Begin PBXProject section */
		6F8F18E814730FAA00922703 /* Project object */ = {
			isa = PBXProject;
			attributes = {
				LastUpgradeCheck = 0420;
				ORGANIZATIONNAME = "Xebia Nederland B.V.";
			};
			buildConfigurationList = 6F8F18EB14730FAA00922703 /* Build configuration list for PBXProject "SSLTweets" */;
			compatibilityVersion = "Xcode 3.2";
			developmentRegion = English;
			hasScannedForEncodings = 0;
			knownRegions = (
				en,
			);
			mainGroup = 6F8F18E614730FAA00922703;
			productRefGroup = 6F8F18F214730FAA00922703 /* Products */;
			projectDirPath = "";
			projectRoot = "";
			targets = (
				6F8F18F014730FAA00922703 /* SSLTweets */,
			);
		};
/* End PBXProject section */

/* Begin PBXResourcesBuildPhase section */
		6F8F18EF14730FAA00922703 /* Resources */ = {
			isa = PBXResourcesBuildPhase;
			buildActionMask = 2147483647;
			files = (
				6F8F190014730FAA00922703 /* InfoPlist.strings in Resources */,
				6F8F190F14730FAA00922703 /* XBMasterViewController_iPhone.xib in Resources */,
				6F8F191214730FAA00922703 /* XBMasterViewController_iPad.xib in Resources */,
				6F8F191514730FAA00922703 /* XBDetailViewController_iPhone.xib in Resources */,
				6F8F191814730FAA00922703 /* XBDetailViewController_iPad.xib in Resources */,
				6F9779DF14836FFE003138B9 /* required-ca.crt in Resources */,
			);
			runOnlyForDeploymentPostprocessing = 0;
		};
/* End PBXResourcesBuildPhase section */

/* Begin PBXSourcesBuildPhase section */
		6F8F18ED14730FAA00922703 /* Sources */ = {
			isa = PBXSourcesBuildPhase;
			buildActionMask = 2147483647;
			files = (
				6F8F190214730FAA00922703 /* main.m in Sources */,
				6F8F190614730FAA00922703 /* XBAppDelegate.m in Sources */,
				6F8F190914730FAA00922703 /* XBMasterViewController.m in Sources */,
				6F8F190C14730FAA00922703 /* XBDetailViewController.m in Sources */,
				6F8F192014738C8800922703 /* XBTwitterSearchDataDelegate.m in Sources */,
				6FE4AB651474538F002C0755 /* NSDictionary+Xebia.m in Sources */,
				6F6A09701477021900F3A4F5 /* XBTextViewTableCell.m in Sources */,
				6F03257914799896000DC92F /* XBURLConnectionAuthenticationDelegate.m in Sources */,
				6F4B2BF6148BA4D8002E6C70 /* XBDERDecoder.m in Sources */,
			);
			runOnlyForDeploymentPostprocessing = 0;
		};
/* End PBXSourcesBuildPhase section */

/* Begin PBXVariantGroup section */
		6F8F18FE14730FAA00922703 /* InfoPlist.strings */ = {
			isa = PBXVariantGroup;
			children = (
				6F8F18FF14730FAA00922703 /* en */,
			);
			name = InfoPlist.strings;
			sourceTree = "<group>";
		};
		6F8F190D14730FAA00922703 /* XBMasterViewController_iPhone.xib */ = {
			isa = PBXVariantGroup;
			children = (
				6F8F190E14730FAA00922703 /* en */,
			);
			name = XBMasterViewController_iPhone.xib;
			sourceTree = "<group>";
		};
		6F8F191014730FAA00922703 /* XBMasterViewController_iPad.xib */ = {
			isa = PBXVariantGroup;
			children = (
				6F8F191114730FAA00922703 /* en */,
			);
			name = XBMasterViewController_iPad.xib;
			sourceTree = "<group>";
		};
		6F8F191314730FAA00922703 /* XBDetailViewController_iPhone.xib */ = {
			isa = PBXVariantGroup;
			children = (
				6F8F191414730FAA00922703 /* en */,
			);
			name = XBDetailViewController_iPhone.xib;
			sourceTree = "<group>";
		};
		6F8F191614730FAA00922703 /* XBDetailViewController_iPad.xib */ = {
			isa = PBXVariantGroup;
			children = (
				6F8F191714730FAA00922703 /* en */,
			);
			name = XBDetailViewController_iPad.xib;
			sourceTree = "<group>";
		};
/* End PBXVariantGroup section */

/* Begin XCBuildConfiguration section */
		6F8F191914730FAA00922703 /* Debug */ = {
			isa = XCBuildConfiguration;
			buildSettings = {
				ALWAYS_SEARCH_USER_PATHS = NO;
				ARCHS = "$(ARCHS_STANDARD_32_BIT)";
				CLANG_ENABLE_OBJC_ARC = YES;
				CLANG_WARN_IMPLICIT_SIGN_CONVERSION = YES;
				CLANG_WARN_OBJC_IMPLICIT_ATOMIC_PROPERTIES = YES;
				CLANG_WARN_SUSPICIOUS_IMPLICIT_CONVERSION = YES;
				CODE_SIGN_IDENTITY = "iPhone Developer";
				COPY_PHASE_STRIP = NO;
				GCC_C_LANGUAGE_STANDARD = gnu99;
				GCC_OPTIMIZATION_LEVEL = 0;
				GCC_PREPROCESSOR_DEFINITIONS = (
					"DEBUG=1",
					"$(inherited)",
				);
				GCC_SYMBOLS_PRIVATE_EXTERN = NO;
				GCC_VERSION = "";
				GCC_WARN_64_TO_32_BIT_CONVERSION = YES;
				GCC_WARN_ABOUT_MISSING_NEWLINE = YES;
				GCC_WARN_ABOUT_MISSING_PROTOTYPES = YES;
				GCC_WARN_ABOUT_RETURN_TYPE = YES;
				GCC_WARN_MULTIPLE_DEFINITION_TYPES_FOR_SELECTOR = YES;
				GCC_WARN_SHADOW = YES;
				GCC_WARN_SIGN_COMPARE = YES;
				GCC_WARN_STRICT_SELECTOR_MATCH = YES;
				GCC_WARN_UNDECLARED_SELECTOR = YES;
				GCC_WARN_UNINITIALIZED_AUTOS = YES;
				GCC_WARN_UNUSED_FUNCTION = YES;
				GCC_WARN_UNUSED_VARIABLE = YES;
				IPHONEOS_DEPLOYMENT_TARGET = 5.0;
				OTHER_CFLAGS = (
					"-pie",
					"-fPIE",
				);
				OTHER_LDFLAGS = (
					"-fPIE",
					"-pie",
				);
				RUN_CLANG_STATIC_ANALYZER = YES;
				SDKROOT = iphoneos;
				TARGETED_DEVICE_FAMILY = "1,2";
			};
			name = Debug;
		};
		6F8F191A14730FAA00922703 /* Release */ = {
			isa = XCBuildConfiguration;
			buildSettings = {
				ALWAYS_SEARCH_USER_PATHS = NO;
				ARCHS = "$(ARCHS_STANDARD_32_BIT)";
				CLANG_ENABLE_OBJC_ARC = YES;
				CLANG_WARN_IMPLICIT_SIGN_CONVERSION = YES;
				CLANG_WARN_OBJC_IMPLICIT_ATOMIC_PROPERTIES = YES;
				CLANG_WARN_SUSPICIOUS_IMPLICIT_CONVERSION = YES;
				CODE_SIGN_IDENTITY = "iPhone Developer";
				COPY_PHASE_STRIP = YES;
				GCC_C_LANGUAGE_STANDARD = gnu99;
				GCC_VERSION = "";
				GCC_WARN_64_TO_32_BIT_CONVERSION = YES;
				GCC_WARN_ABOUT_MISSING_NEWLINE = YES;
				GCC_WARN_ABOUT_MISSING_PROTOTYPES = YES;
				GCC_WARN_ABOUT_RETURN_TYPE = YES;
				GCC_WARN_MULTIPLE_DEFINITION_TYPES_FOR_SELECTOR = YES;
				GCC_WARN_SHADOW = YES;
				GCC_WARN_SIGN_COMPARE = YES;
				GCC_WARN_STRICT_SELECTOR_MATCH = YES;
				GCC_WARN_UNDECLARED_SELECTOR = YES;
				GCC_WARN_UNINITIALIZED_AUTOS = YES;
				GCC_WARN_UNUSED_FUNCTION = YES;
				GCC_WARN_UNUSED_VARIABLE = YES;
				IPHONEOS_DEPLOYMENT_TARGET = 5.0;
				OTHER_CFLAGS = (
					"-pie",
					"-fPIE",
				);
				OTHER_LDFLAGS = (
					"-fPIE",
					"-pie",
				);
				RUN_CLANG_STATIC_ANALYZER = YES;
				SDKROOT = iphoneos;
				TARGETED_DEVICE_FAMILY = "1,2";
				VALIDATE_PRODUCT = YES;
			};
			name = Release;
		};
		6F8F191C14730FAA00922703 /* Debug */ = {
			isa = XCBuildConfiguration;
			buildSettings = {
				GCC_PRECOMPILE_PREFIX_HEADER = YES;
				GCC_PREFIX_HEADER = "SSLTweets/SSLTweets-Prefix.pch";
				INFOPLIST_FILE = "SSLTweets/SSLTweets-Info.plist";
				PRODUCT_NAME = "$(TARGET_NAME)";
			};
			name = Debug;
		};
		6F8F191D14730FAA00922703 /* Release */ = {
			isa = XCBuildConfiguration;
			buildSettings = {
				GCC_PRECOMPILE_PREFIX_HEADER = YES;
				GCC_PREFIX_HEADER = "SSLTweets/SSLTweets-Prefix.pch";
				INFOPLIST_FILE = "SSLTweets/SSLTweets-Info.plist";
				PRODUCT_NAME = "$(TARGET_NAME)";
			};
			name = Release;
		};
/* End XCBuildConfiguration section */

/* Begin XCConfigurationList section */
		6F8F18EB14730FAA00922703 /* Build configuration list for PBXProject "SSLTweets" */ = {
			isa = XCConfigurationList;
			buildConfigurations = (
				6F8F191914730FAA00922703 /* Debug */,
				6F8F191A14730FAA00922703 /* Release */,
			);
			defaultConfigurationIsVisible = 0;
			defaultConfigurationName = Release;
		};
		6F8F191B14730FAA00922703 /* Build configuration list for PBXNativeTarget "SSLTweets" */ = {
			isa = XCConfigurationList;
			buildConfigurations = (
				6F8F191C14730FAA00922703 /* Debug */,
				6F8F191D14730FAA00922703 /* Release */,
			);
			defaultConfigurationIsVisible = 0;
			defaultConfigurationName = Release;
		};
/* End XCConfigurationList section */
	};
	rootObject = 6F8F18E814730FAA00922703 /* Project object */;
}
